
Microsoft Visual Studio Solution File, Format Version 12.00
# Visual Studio Version 17
VisualStudioVersion = 17.4.33122.133
MinimumVisualStudioVersion = 10.0.40219.1
Project("{9A19103F-16F7-4668-BE54-9A1E7A4F7556}") = "BoletimFaculdade", "BoletimFaculdade\BoletimFaculdade.csproj", "{EAB2C1C5-37DA-4C45-9539-B592ECCA3042}"
EndProject
Project("{9A19103F-16F7-4668-BE54-9A1E7A4F7556}") = "CnhPaises", "CnhPaises\CnhPaises.csproj", "{2F7B89FB-0DDF-47BC-A4AB-B9A94D70D415}"
EndProject
Project("{9A19103F-16F7-4668-BE54-9A1E7A4F7556}") = "Exercício-1-modulo3", "Exercício-1-modulo3\Exercício-1-modulo3.csproj", "{E75C2D77-B4C2-4050-AC7C-1E01D7B52A60}"
EndProject
Project("{9A19103F-16F7-4668-BE54-9A1E7A4F7556}") = "Exercicio-Classe-Abstrata", "Exercicio-Classe-Abstrata\Exercicio-Classe-Abstrata.csproj", "{5488CEF1-55E2-4A90-9F9F-52FEA64880BA}"
EndProject
Project("{FAE04EC0-301F-11D3-BF4B-00C04F79EFBC}") = "Exercicio-Interfaces", "Exercicio-Interfaces\Exercicio-Interfaces.csproj", "{00B2AD9C-513F-4DDB-B89D-F58FEDF0E813}"
EndProject
Global
	GlobalSection(SolutionConfigurationPlatforms) = preSolution
		Debug|Any CPU = Debug|Any CPU
		Release|Any CPU = Release|Any CPU
	EndGlobalSection
	GlobalSection(ProjectConfigurationPlatforms) = postSolution
		{EAB2C1C5-37DA-4C45-9539-B592ECCA3042}.Debug|Any CPU.ActiveCfg = Debug|Any CPU
		{EAB2C1C5-37DA-4C45-9539-B592ECCA3042}.Debug|Any CPU.Build.0 = Debug|Any CPU
		{EAB2C1C5-37DA-4C45-9539-B592ECCA3042}.Release|Any CPU.ActiveCfg = Release|Any CPU
		{EAB2C1C5-37DA-4C45-9539-B592ECCA3042}.Release|Any CPU.Build.0 = Release|Any CPU
		{2F7B89FB-0DDF-47BC-A4AB-B9A94D70D415}.Debug|Any CPU.ActiveCfg = Debug|Any CPU
		{2F7B89FB-0DDF-47BC-A4AB-B9A94D70D415}.Debug|Any CPU.Build.0 = Debug|Any CPU
		{2F7B89FB-0DDF-47BC-A4AB-B9A94D70D415}.Release|Any CPU.ActiveCfg = Release|Any CPU
		{2F7B89FB-0DDF-47BC-A4AB-B9A94D70D415}.Release|Any CPU.Build.0 = Release|Any CPU
		{E75C2D77-B4C2-4050-AC7C-1E01D7B52A60}.Debug|Any CPU.ActiveCfg = Debug|Any CPU
		{E75C2D77-B4C2-4050-AC7C-1E01D7B52A60}.Debug|Any CPU.Build.0 = Debug|Any CPU
		{E75C2D77-B4C2-4050-AC7C-1E01D7B52A60}.Release|Any CPU.ActiveCfg = Release|Any CPU
		{E75C2D77-B4C2-4050-AC7C-1E01D7B52A60}.Release|Any CPU.Build.0 = Release|Any CPU
		{5488CEF1-55E2-4A90-9F9F-52FEA64880BA}.Debug|Any CPU.ActiveCfg = Debug|Any CPU
		{5488CEF1-55E2-4A90-9F9F-52FEA64880BA}.Debug|Any CPU.Build.0 = Debug|Any CPU
		{5488CEF1-55E2-4A90-9F9F-52FEA64880BA}.Release|Any CPU.ActiveCfg = Release|Any CPU
		{5488CEF1-55E2-4A90-9F9F-52FEA64880BA}.Release|Any CPU.Build.0 = Release|Any CPU
		{00B2AD9C-513F-4DDB-B89D-F58FEDF0E813}.Debug|Any CPU.ActiveCfg = Debug|Any CPU
		{00B2AD9C-513F-4DDB-B89D-F58FEDF0E813}.Debug|Any CPU.Build.0 = Debug|Any CPU
		{00B2AD9C-513F-4DDB-B89D-F58FEDF0E813}.Release|Any CPU.ActiveCfg = Release|Any CPU
		{00B2AD9C-513F-4DDB-B89D-F58FEDF0E813}.Release|Any CPU.Build.0 = Release|Any CPU
	EndGlobalSection
	GlobalSection(SolutionProperties) = preSolution
		HideSolutionNode = FALSE
	EndGlobalSection
	GlobalSection(ExtensibilityGlobals) = postSolution
		SolutionGuid = {DB9BC213-129E-49BD-8AFE-54D989922092}
	EndGlobalSection
EndGlobal
